
Microsoft Visual Studio Solution File, Format Version 12.00
# Visual Studio Version 17
VisualStudioVersion = 17.14.36301.6 d17.14
MinimumVisualStudioVersion = 10.0.40219.1
Project("{FAE04EC0-301F-11D3-BF4B-00C04F79EFBC}") = "Domain", "Domain\Domain.csproj", "{8A5E82FD-BE1F-465D-8148-7A4A311E2126}"
EndProject
Project("{FAE04EC0-301F-11D3-BF4B-00C04F79EFBC}") = "Application", "Application\Application.csproj", "{8A041EDC-544C-4C60-91D2-0BBCAC1A7214}"
EndProject
Project("{FAE04EC0-301F-11D3-BF4B-00C04F79EFBC}") = "Infrastructure", "Infrastructure\Infrastructure.csproj", "{6D58E20E-14A2-4CE3-9D11-0DD45B9413E8}"
EndProject
Project("{FAE04EC0-301F-11D3-BF4B-00C04F79EFBC}") = "API", "API\API.csproj", "{597FF30D-323F-4792-A10D-C51B08372D68}"
EndProject
Project("{FAE04EC0-301F-11D3-BF4B-00C04F79EFBC}") = "Tests", "Tests\Tests.csproj", "{A46EE150-5F77-4128-9B09-8053CD7393F1}"
EndProject
Global
	GlobalSection(SolutionConfigurationPlatforms) = preSolution
		Debug|Any CPU = Debug|Any CPU
		Release|Any CPU = Release|Any CPU
	EndGlobalSection
	GlobalSection(ProjectConfigurationPlatforms) = postSolution
		{8A5E82FD-BE1F-465D-8148-7A4A311E2126}.Debug|Any CPU.ActiveCfg = Debug|Any CPU
		{8A5E82FD-BE1F-465D-8148-7A4A311E2126}.Debug|Any CPU.Build.0 = Debug|Any CPU
		{8A5E82FD-BE1F-465D-8148-7A4A311E2126}.Release|Any CPU.ActiveCfg = Release|Any CPU
		{8A5E82FD-BE1F-465D-8148-7A4A311E2126}.Release|Any CPU.Build.0 = Release|Any CPU
		{8A041EDC-544C-4C60-91D2-0BBCAC1A7214}.Debug|Any CPU.ActiveCfg = Debug|Any CPU
		{8A041EDC-544C-4C60-91D2-0BBCAC1A7214}.Debug|Any CPU.Build.0 = Debug|Any CPU
		{8A041EDC-544C-4C60-91D2-0BBCAC1A7214}.Release|Any CPU.ActiveCfg = Release|Any CPU
		{8A041EDC-544C-4C60-91D2-0BBCAC1A7214}.Release|Any CPU.Build.0 = Release|Any CPU
		{6D58E20E-14A2-4CE3-9D11-0DD45B9413E8}.Debug|Any CPU.ActiveCfg = Debug|Any CPU
		{6D58E20E-14A2-4CE3-9D11-0DD45B9413E8}.Debug|Any CPU.Build.0 = Debug|Any CPU
		{6D58E20E-14A2-4CE3-9D11-0DD45B9413E8}.Release|Any CPU.ActiveCfg = Release|Any CPU
		{6D58E20E-14A2-4CE3-9D11-0DD45B9413E8}.Release|Any CPU.Build.0 = Release|Any CPU
		{597FF30D-323F-4792-A10D-C51B08372D68}.Debug|Any CPU.ActiveCfg = Debug|Any CPU
		{597FF30D-323F-4792-A10D-C51B08372D68}.Debug|Any CPU.Build.0 = Debug|Any CPU
		{597FF30D-323F-4792-A10D-C51B08372D68}.Release|Any CPU.ActiveCfg = Release|Any CPU
		{597FF30D-323F-4792-A10D-C51B08372D68}.Release|Any CPU.Build.0 = Release|Any CPU
		{A46EE150-5F77-4128-9B09-8053CD7393F1}.Debug|Any CPU.ActiveCfg = Debug|Any CPU
		{A46EE150-5F77-4128-9B09-8053CD7393F1}.Debug|Any CPU.Build.0 = Debug|Any CPU
		{A46EE150-5F77-4128-9B09-8053CD7393F1}.Release|Any CPU.ActiveCfg = Release|Any CPU
		{A46EE150-5F77-4128-9B09-8053CD7393F1}.Release|Any CPU.Build.0 = Release|Any CPU
	EndGlobalSection
	GlobalSection(SolutionProperties) = preSolution
		HideSolutionNode = FALSE
	EndGlobalSection
	GlobalSection(ExtensibilityGlobals) = postSolution
		SolutionGuid = {E6F74BED-0124-4152-BFF4-EA5ECDC72A8B}
	EndGlobalSection
EndGlobal
